
Microsoft Visual Studio Solution File, Format Version 12.00
# Visual Studio 15
VisualStudioVersion = 15.0.28307.329
MinimumVisualStudioVersion = 10.0.40219.1
Project("{FAE04EC0-301F-11D3-BF4B-00C04F79EFBC}") = "CRUDCAD", "CRUDCAD\CRUDCAD.csproj", "{F76C8026-3458-4CDE-B209-EC776E5AB2C4}"
EndProject
Global
	GlobalSection(SolutionConfigurationPlatforms) = preSolution
		Debug|Any CPU = Debug|Any CPU
		Release|Any CPU = Release|Any CPU
	EndGlobalSection
	GlobalSection(ProjectConfigurationPlatforms) = postSolution
		{F76C8026-3458-4CDE-B209-EC776E5AB2C4}.Debug|Any CPU.ActiveCfg = Debug|Any CPU
		{F76C8026-3458-4CDE-B209-EC776E5AB2C4}.Debug|Any CPU.Build.0 = Debug|Any CPU
		{F76C8026-3458-4CDE-B209-EC776E5AB2C4}.Release|Any CPU.ActiveCfg = Release|Any CPU
		{F76C8026-3458-4CDE-B209-EC776E5AB2C4}.Release|Any CPU.Build.0 = Release|Any CPU
	EndGlobalSection
	GlobalSection(SolutionProperties) = preSolution
		HideSolutionNode = FALSE
	EndGlobalSection
	GlobalSection(ExtensibilityGlobals) = postSolution
		SolutionGuid = {DF190C88-139D-45EC-9501-11DA2A985249}
	EndGlobalSection
EndGlobal
